
Microsoft Visual Studio Solution File, Format Version 12.00
# Visual Studio 2012
Project("{FAE04EC0-301F-11D3-BF4B-00C04F79EFBC}") = "EnGarde", "EnGarde\EnGarde.csproj", "{2BCCF8FF-48B3-4214-A2E3-7DE7FB49F828}"
EndProject
Project("{FAE04EC0-301F-11D3-BF4B-00C04F79EFBC}") = "EnGarde.iOS", "iOS\EnGarde.iOS.csproj", "{0B983B23-AEDA-4CC7-A12E-703E75928233}"
EndProject
Project("{FAE04EC0-301F-11D3-BF4B-00C04F79EFBC}") = "EnGarde.Droid", "Droid\EnGarde.Droid.csproj", "{BCFA862C-D3E1-4BAC-BDA4-521CC36D8E1F}"
EndProject
Global
	GlobalSection(SolutionConfigurationPlatforms) = preSolution
		Debug|Any CPU = Debug|Any CPU
		Release|Any CPU = Release|Any CPU
		Debug|iPhoneSimulator = Debug|iPhoneSimulator
		Release|iPhone = Release|iPhone
		Release|iPhoneSimulator = Release|iPhoneSimulator
		Debug|iPhone = Debug|iPhone
	EndGlobalSection
	GlobalSection(ProjectConfigurationPlatforms) = postSolution
		{2BCCF8FF-48B3-4214-A2E3-7DE7FB49F828}.Debug|Any CPU.ActiveCfg = Debug|Any CPU
		{2BCCF8FF-48B3-4214-A2E3-7DE7FB49F828}.Debug|Any CPU.Build.0 = Debug|Any CPU
		{2BCCF8FF-48B3-4214-A2E3-7DE7FB49F828}.Release|Any CPU.ActiveCfg = Release|Any CPU
		{2BCCF8FF-48B3-4214-A2E3-7DE7FB49F828}.Release|Any CPU.Build.0 = Release|Any CPU
		{2BCCF8FF-48B3-4214-A2E3-7DE7FB49F828}.Debug|iPhoneSimulator.ActiveCfg = Debug|Any CPU
		{2BCCF8FF-48B3-4214-A2E3-7DE7FB49F828}.Debug|iPhoneSimulator.Build.0 = Debug|Any CPU
		{2BCCF8FF-48B3-4214-A2E3-7DE7FB49F828}.Release|iPhone.ActiveCfg = Release|Any CPU
		{2BCCF8FF-48B3-4214-A2E3-7DE7FB49F828}.Release|iPhone.Build.0 = Release|Any CPU
		{2BCCF8FF-48B3-4214-A2E3-7DE7FB49F828}.Release|iPhoneSimulator.ActiveCfg = Release|Any CPU
		{2BCCF8FF-48B3-4214-A2E3-7DE7FB49F828}.Release|iPhoneSimulator.Build.0 = Release|Any CPU
		{2BCCF8FF-48B3-4214-A2E3-7DE7FB49F828}.Debug|iPhone.ActiveCfg = Debug|Any CPU
		{2BCCF8FF-48B3-4214-A2E3-7DE7FB49F828}.Debug|iPhone.Build.0 = Debug|Any CPU
		{0B983B23-AEDA-4CC7-A12E-703E75928233}.Debug|Any CPU.ActiveCfg = Debug|iPhoneSimulator
		{0B983B23-AEDA-4CC7-A12E-703E75928233}.Debug|Any CPU.Build.0 = Debug|iPhoneSimulator
		{0B983B23-AEDA-4CC7-A12E-703E75928233}.Release|Any CPU.ActiveCfg = Release|iPhone
		{0B983B23-AEDA-4CC7-A12E-703E75928233}.Release|Any CPU.Build.0 = Release|iPhone
		{0B983B23-AEDA-4CC7-A12E-703E75928233}.Debug|iPhoneSimulator.ActiveCfg = Debug|iPhoneSimulator
		{0B983B23-AEDA-4CC7-A12E-703E75928233}.Debug|iPhoneSimulator.Build.0 = Debug|iPhoneSimulator
		{0B983B23-AEDA-4CC7-A12E-703E75928233}.Release|iPhone.ActiveCfg = Release|iPhone
		{0B983B23-AEDA-4CC7-A12E-703E75928233}.Release|iPhone.Build.0 = Release|iPhone
		{0B983B23-AEDA-4CC7-A12E-703E75928233}.Release|iPhoneSimulator.ActiveCfg = Release|iPhoneSimulator
		{0B983B23-AEDA-4CC7-A12E-703E75928233}.Release|iPhoneSimulator.Build.0 = Release|iPhoneSimulator
		{0B983B23-AEDA-4CC7-A12E-703E75928233}.Debug|iPhone.ActiveCfg = Debug|iPhone
		{0B983B23-AEDA-4CC7-A12E-703E75928233}.Debug|iPhone.Build.0 = Debug|iPhone
		{BCFA862C-D3E1-4BAC-BDA4-521CC36D8E1F}.Debug|Any CPU.ActiveCfg = Debug|Any CPU
		{BCFA862C-D3E1-4BAC-BDA4-521CC36D8E1F}.Debug|Any CPU.Build.0 = Debug|Any CPU
		{BCFA862C-D3E1-4BAC-BDA4-521CC36D8E1F}.Release|Any CPU.ActiveCfg = Release|Any CPU
		{BCFA862C-D3E1-4BAC-BDA4-521CC36D8E1F}.Release|Any CPU.Build.0 = Release|Any CPU
		{BCFA862C-D3E1-4BAC-BDA4-521CC36D8E1F}.Debug|iPhoneSimulator.ActiveCfg = Debug|Any CPU
		{BCFA862C-D3E1-4BAC-BDA4-521CC36D8E1F}.Debug|iPhoneSimulator.Build.0 = Debug|Any CPU
		{BCFA862C-D3E1-4BAC-BDA4-521CC36D8E1F}.Release|iPhone.ActiveCfg = Release|Any CPU
		{BCFA862C-D3E1-4BAC-BDA4-521CC36D8E1F}.Release|iPhone.Build.0 = Release|Any CPU
		{BCFA862C-D3E1-4BAC-BDA4-521CC36D8E1F}.Release|iPhoneSimulator.ActiveCfg = Release|Any CPU
		{BCFA862C-D3E1-4BAC-BDA4-521CC36D8E1F}.Release|iPhoneSimulator.Build.0 = Release|Any CPU
		{BCFA862C-D3E1-4BAC-BDA4-521CC36D8E1F}.Debug|iPhone.ActiveCfg = Debug|Any CPU
		{BCFA862C-D3E1-4BAC-BDA4-521CC36D8E1F}.Debug|iPhone.Build.0 = Debug|Any CPU
	EndGlobalSection
EndGlobal
